
Microsoft Visual Studio Solution File, Format Version 12.00
# Visual Studio 15
VisualStudioVersion = 15.0.28307.271
MinimumVisualStudioVersion = 10.0.40219.1
Project("{FAE04EC0-301F-11D3-BF4B-00C04F79EFBC}") = "WpfCarManagerUI", "WpfApp1\WpfCarManagerUI.csproj", "{51555F11-EEEA-456E-8D08-9FEB691D1C5D}"
EndProject
Project("{FAE04EC0-301F-11D3-BF4B-00C04F79EFBC}") = "DataAccess", "DataAccess\DataAccess.csproj", "{23208AB9-700F-41DE-B40E-08055203B6B5}"
EndProject
Project("{FAE04EC0-301F-11D3-BF4B-00C04F79EFBC}") = "DataAccess.Test", "DataAccess.Test\DataAccess.Test.csproj", "{FC6B666C-00CA-4F14-87F1-9CDDB05952A1}"
EndProject
Global
	GlobalSection(SolutionConfigurationPlatforms) = preSolution
		Debug|Any CPU = Debug|Any CPU
		Release|Any CPU = Release|Any CPU
	EndGlobalSection
	GlobalSection(ProjectConfigurationPlatforms) = postSolution
		{51555F11-EEEA-456E-8D08-9FEB691D1C5D}.Debug|Any CPU.ActiveCfg = Debug|Any CPU
		{51555F11-EEEA-456E-8D08-9FEB691D1C5D}.Debug|Any CPU.Build.0 = Debug|Any CPU
		{51555F11-EEEA-456E-8D08-9FEB691D1C5D}.Release|Any CPU.ActiveCfg = Release|Any CPU
		{51555F11-EEEA-456E-8D08-9FEB691D1C5D}.Release|Any CPU.Build.0 = Release|Any CPU
		{23208AB9-700F-41DE-B40E-08055203B6B5}.Debug|Any CPU.ActiveCfg = Debug|Any CPU
		{23208AB9-700F-41DE-B40E-08055203B6B5}.Debug|Any CPU.Build.0 = Debug|Any CPU
		{23208AB9-700F-41DE-B40E-08055203B6B5}.Release|Any CPU.ActiveCfg = Release|Any CPU
		{23208AB9-700F-41DE-B40E-08055203B6B5}.Release|Any CPU.Build.0 = Release|Any CPU
		{FC6B666C-00CA-4F14-87F1-9CDDB05952A1}.Debug|Any CPU.ActiveCfg = Debug|Any CPU
		{FC6B666C-00CA-4F14-87F1-9CDDB05952A1}.Debug|Any CPU.Build.0 = Debug|Any CPU
		{FC6B666C-00CA-4F14-87F1-9CDDB05952A1}.Release|Any CPU.ActiveCfg = Release|Any CPU
		{FC6B666C-00CA-4F14-87F1-9CDDB05952A1}.Release|Any CPU.Build.0 = Release|Any CPU
	EndGlobalSection
	GlobalSection(SolutionProperties) = preSolution
		HideSolutionNode = FALSE
	EndGlobalSection
	GlobalSection(ExtensibilityGlobals) = postSolution
		SolutionGuid = {DB3B432C-2FE0-4572-89EB-744C6F573FE9}
	EndGlobalSection
EndGlobal
